
Microsoft Visual Studio Solution File, Format Version 11.00
# Visual Studio 2010
Project("{2150E333-8FDC-42A3-9474-1A3956D46DE8}") = "Framework", "Framework", "{200291C6-C9EC-4D2C-A4AE-EE8291F4A149}"
EndProject
Project("{2150E333-8FDC-42A3-9474-1A3956D46DE8}") = "ProjectConfiguration", "ProjectConfiguration", "{C05B988A-63E3-45D3-8716-0C2E89FBDC66}"
EndProject
Project("{2150E333-8FDC-42A3-9474-1A3956D46DE8}") = "UI", "UI", "{05381006-93D5-4ADE-87A7-C2C3FF942B77}"
EndProject
Project("{2150E333-8FDC-42A3-9474-1A3956D46DE8}") = "ProjectCore", "ProjectCore", "{0FBADBF3-49D4-4233-93D8-62AA1918E8F0}"
EndProject
Project("{2150E333-8FDC-42A3-9474-1A3956D46DE8}") = "Solution Items", "Solution Items", "{68ECBF77-814D-4262-9303-BE7132EE8EDB}"
	ProjectSection(SolutionItems) = preProject
		IOC.vsmdi = IOC.vsmdi
		Local.testsettings = Local.testsettings
		TraceAndTestImpact.testsettings = TraceAndTestImpact.testsettings
	EndProjectSection
EndProject
Project("{FAE04EC0-301F-11D3-BF4B-00C04F79EFBC}") = "IOC", "IOC\IOC.csproj", "{F3BDA0A1-72A2-4C44-8406-B613FEDDE01C}"
EndProject
Project("{FAE04EC0-301F-11D3-BF4B-00C04F79EFBC}") = "IOC.FW", "IOC.FW\IOC.FW.csproj", "{F7380D0C-AF5F-435A-8389-1E7344B20D86}"
EndProject
Project("{FAE04EC0-301F-11D3-BF4B-00C04F79EFBC}") = "IOC.Abstraction", "IOC.Abstraction\IOC.Abstraction.csproj", "{B6063B30-9F1C-44A2-847B-F112D851AE17}"
EndProject
Project("{FAE04EC0-301F-11D3-BF4B-00C04F79EFBC}") = "IOC.DAO", "IOC.DAO\IOC.DAO.csproj", "{36586D23-F624-4D62-84C2-2D6D2A2BC4EB}"
EndProject
Project("{FAE04EC0-301F-11D3-BF4B-00C04F79EFBC}") = "IOC.Business", "IOC.Business\IOC.Business.csproj", "{A7F10F9E-2DBE-4F0D-86E7-E69B88D017E4}"
EndProject
Project("{FAE04EC0-301F-11D3-BF4B-00C04F79EFBC}") = "IOC.Binding", "IOC.Binding\IOC.Binding.csproj", "{00540DF7-C93D-43C2-A270-8EFE04533C02}"
EndProject
Project("{FAE04EC0-301F-11D3-BF4B-00C04F79EFBC}") = "IOC.Web", "IOC.Web\IOC.Web.csproj", "{790B015B-1011-4CA8-BD9A-7B253436ADD2}"
EndProject
Project("{FAE04EC0-301F-11D3-BF4B-00C04F79EFBC}") = "IOC.Test", "IOC.Test\IOC.Test.csproj", "{41725B9F-6151-441A-9F8D-DA610DECC79B}"
EndProject
Project("{FAE04EC0-301F-11D3-BF4B-00C04F79EFBC}") = "IOC.FW.Web", "IOC.FW.Web\IOC.FW.Web.csproj", "{4682AE8E-90B7-4838-A4A6-B2FDD98BD7FE}"
EndProject
Project("{FAE04EC0-301F-11D3-BF4B-00C04F79EFBC}") = "IOC.FW.Web.MVC", "IOC.FW.Web.MVC\IOC.FW.Web.MVC.csproj", "{9A0F7B47-FBD0-48D3-B3C7-49C40D4E4877}"
EndProject
Project("{FAE04EC0-301F-11D3-BF4B-00C04F79EFBC}") = "PerformanceTest", "PerformanceTest\PerformanceTest.csproj", "{CCF70A2F-E325-412C-B76C-3CAEE528B1C3}"
EndProject
Project("{FAE04EC0-301F-11D3-BF4B-00C04F79EFBC}") = "IOC.Scaffold", "IOC.Scaffold\IOC.Scaffold.csproj", "{5BEF3971-4E2C-42A6-8CB9-18432314B088}"
EndProject
Project("{2150E333-8FDC-42A3-9474-1A3956D46DE8}") = ".nuget", ".nuget", "{CBC27512-3F10-4F04-B29B-B9F8AB046B1D}"
	ProjectSection(SolutionItems) = preProject
		.nuget\NuGet.Config = .nuget\NuGet.Config
		.nuget\NuGet.exe = .nuget\NuGet.exe
		.nuget\NuGet.targets = .nuget\NuGet.targets
	EndProjectSection
EndProject
Project("{7CF6DF6D-3B04-46F8-A40B-537D21BCA0B4}") = "Documentation1", "Documentation1\Documentation1.shfbproj", "{F6130A8C-386D-4C25-BF95-FC8753953050}"
EndProject
Global
	GlobalSection(TestCaseManagementSettings) = postSolution
		CategoryFile = IOC.vsmdi
	EndGlobalSection
	GlobalSection(SolutionConfigurationPlatforms) = preSolution
		Debug|Any CPU = Debug|Any CPU
		Debug|Mixed Platforms = Debug|Mixed Platforms
		Debug|x86 = Debug|x86
		Release|Any CPU = Release|Any CPU
		Release|Mixed Platforms = Release|Mixed Platforms
		Release|x86 = Release|x86
	EndGlobalSection
	GlobalSection(ProjectConfigurationPlatforms) = postSolution
		{F3BDA0A1-72A2-4C44-8406-B613FEDDE01C}.Debug|Any CPU.ActiveCfg = Debug|Any CPU
		{F3BDA0A1-72A2-4C44-8406-B613FEDDE01C}.Debug|Any CPU.Build.0 = Debug|Any CPU
		{F3BDA0A1-72A2-4C44-8406-B613FEDDE01C}.Debug|Mixed Platforms.ActiveCfg = Debug|Any CPU
		{F3BDA0A1-72A2-4C44-8406-B613FEDDE01C}.Debug|Mixed Platforms.Build.0 = Debug|Any CPU
		{F3BDA0A1-72A2-4C44-8406-B613FEDDE01C}.Debug|x86.ActiveCfg = Debug|Any CPU
		{F3BDA0A1-72A2-4C44-8406-B613FEDDE01C}.Release|Any CPU.ActiveCfg = Release|Any CPU
		{F3BDA0A1-72A2-4C44-8406-B613FEDDE01C}.Release|Any CPU.Build.0 = Release|Any CPU
		{F3BDA0A1-72A2-4C44-8406-B613FEDDE01C}.Release|Mixed Platforms.ActiveCfg = Release|Any CPU
		{F3BDA0A1-72A2-4C44-8406-B613FEDDE01C}.Release|Mixed Platforms.Build.0 = Release|Any CPU
		{F3BDA0A1-72A2-4C44-8406-B613FEDDE01C}.Release|x86.ActiveCfg = Release|Any CPU
		{F7380D0C-AF5F-435A-8389-1E7344B20D86}.Debug|Any CPU.ActiveCfg = Debug|Any CPU
		{F7380D0C-AF5F-435A-8389-1E7344B20D86}.Debug|Any CPU.Build.0 = Debug|Any CPU
		{F7380D0C-AF5F-435A-8389-1E7344B20D86}.Debug|Mixed Platforms.ActiveCfg = Debug|Any CPU
		{F7380D0C-AF5F-435A-8389-1E7344B20D86}.Debug|Mixed Platforms.Build.0 = Debug|Any CPU
		{F7380D0C-AF5F-435A-8389-1E7344B20D86}.Debug|x86.ActiveCfg = Debug|Any CPU
		{F7380D0C-AF5F-435A-8389-1E7344B20D86}.Release|Any CPU.ActiveCfg = Release|Any CPU
		{F7380D0C-AF5F-435A-8389-1E7344B20D86}.Release|Any CPU.Build.0 = Release|Any CPU
		{F7380D0C-AF5F-435A-8389-1E7344B20D86}.Release|Mixed Platforms.ActiveCfg = Release|Any CPU
		{F7380D0C-AF5F-435A-8389-1E7344B20D86}.Release|Mixed Platforms.Build.0 = Release|Any CPU
		{F7380D0C-AF5F-435A-8389-1E7344B20D86}.Release|x86.ActiveCfg = Release|Any CPU
		{B6063B30-9F1C-44A2-847B-F112D851AE17}.Debug|Any CPU.ActiveCfg = Debug|Any CPU
		{B6063B30-9F1C-44A2-847B-F112D851AE17}.Debug|Any CPU.Build.0 = Debug|Any CPU
		{B6063B30-9F1C-44A2-847B-F112D851AE17}.Debug|Mixed Platforms.ActiveCfg = Debug|Any CPU
		{B6063B30-9F1C-44A2-847B-F112D851AE17}.Debug|Mixed Platforms.Build.0 = Debug|Any CPU
		{B6063B30-9F1C-44A2-847B-F112D851AE17}.Debug|x86.ActiveCfg = Debug|Any CPU
		{B6063B30-9F1C-44A2-847B-F112D851AE17}.Release|Any CPU.ActiveCfg = Release|Any CPU
		{B6063B30-9F1C-44A2-847B-F112D851AE17}.Release|Any CPU.Build.0 = Release|Any CPU
		{B6063B30-9F1C-44A2-847B-F112D851AE17}.Release|Mixed Platforms.ActiveCfg = Release|Any CPU
		{B6063B30-9F1C-44A2-847B-F112D851AE17}.Release|Mixed Platforms.Build.0 = Release|Any CPU
		{B6063B30-9F1C-44A2-847B-F112D851AE17}.Release|x86.ActiveCfg = Release|Any CPU
		{36586D23-F624-4D62-84C2-2D6D2A2BC4EB}.Debug|Any CPU.ActiveCfg = Debug|Any CPU
		{36586D23-F624-4D62-84C2-2D6D2A2BC4EB}.Debug|Any CPU.Build.0 = Debug|Any CPU
		{36586D23-F624-4D62-84C2-2D6D2A2BC4EB}.Debug|Mixed Platforms.ActiveCfg = Debug|Any CPU
		{36586D23-F624-4D62-84C2-2D6D2A2BC4EB}.Debug|Mixed Platforms.Build.0 = Debug|Any CPU
		{36586D23-F624-4D62-84C2-2D6D2A2BC4EB}.Debug|x86.ActiveCfg = Debug|Any CPU
		{36586D23-F624-4D62-84C2-2D6D2A2BC4EB}.Release|Any CPU.ActiveCfg = Release|Any CPU
		{36586D23-F624-4D62-84C2-2D6D2A2BC4EB}.Release|Any CPU.Build.0 = Release|Any CPU
		{36586D23-F624-4D62-84C2-2D6D2A2BC4EB}.Release|Mixed Platforms.ActiveCfg = Release|Any CPU
		{36586D23-F624-4D62-84C2-2D6D2A2BC4EB}.Release|Mixed Platforms.Build.0 = Release|Any CPU
		{36586D23-F624-4D62-84C2-2D6D2A2BC4EB}.Release|x86.ActiveCfg = Release|Any CPU
		{A7F10F9E-2DBE-4F0D-86E7-E69B88D017E4}.Debug|Any CPU.ActiveCfg = Debug|Any CPU
		{A7F10F9E-2DBE-4F0D-86E7-E69B88D017E4}.Debug|Any CPU.Build.0 = Debug|Any CPU
		{A7F10F9E-2DBE-4F0D-86E7-E69B88D017E4}.Debug|Mixed Platforms.ActiveCfg = Debug|Any CPU
		{A7F10F9E-2DBE-4F0D-86E7-E69B88D017E4}.Debug|Mixed Platforms.Build.0 = Debug|Any CPU
		{A7F10F9E-2DBE-4F0D-86E7-E69B88D017E4}.Debug|x86.ActiveCfg = Debug|Any CPU
		{A7F10F9E-2DBE-4F0D-86E7-E69B88D017E4}.Release|Any CPU.ActiveCfg = Release|Any CPU
		{A7F10F9E-2DBE-4F0D-86E7-E69B88D017E4}.Release|Any CPU.Build.0 = Release|Any CPU
		{A7F10F9E-2DBE-4F0D-86E7-E69B88D017E4}.Release|Mixed Platforms.ActiveCfg = Release|Any CPU
		{A7F10F9E-2DBE-4F0D-86E7-E69B88D017E4}.Release|Mixed Platforms.Build.0 = Release|Any CPU
		{A7F10F9E-2DBE-4F0D-86E7-E69B88D017E4}.Release|x86.ActiveCfg = Release|Any CPU
		{00540DF7-C93D-43C2-A270-8EFE04533C02}.Debug|Any CPU.ActiveCfg = Debug|Any CPU
		{00540DF7-C93D-43C2-A270-8EFE04533C02}.Debug|Any CPU.Build.0 = Debug|Any CPU
		{00540DF7-C93D-43C2-A270-8EFE04533C02}.Debug|Mixed Platforms.ActiveCfg = Debug|Any CPU
		{00540DF7-C93D-43C2-A270-8EFE04533C02}.Debug|Mixed Platforms.Build.0 = Debug|Any CPU
		{00540DF7-C93D-43C2-A270-8EFE04533C02}.Debug|x86.ActiveCfg = Debug|Any CPU
		{00540DF7-C93D-43C2-A270-8EFE04533C02}.Release|Any CPU.ActiveCfg = Release|Any CPU
		{00540DF7-C93D-43C2-A270-8EFE04533C02}.Release|Any CPU.Build.0 = Release|Any CPU
		{00540DF7-C93D-43C2-A270-8EFE04533C02}.Release|Mixed Platforms.ActiveCfg = Release|Any CPU
		{00540DF7-C93D-43C2-A270-8EFE04533C02}.Release|Mixed Platforms.Build.0 = Release|Any CPU
		{00540DF7-C93D-43C2-A270-8EFE04533C02}.Release|x86.ActiveCfg = Release|Any CPU
		{790B015B-1011-4CA8-BD9A-7B253436ADD2}.Debug|Any CPU.ActiveCfg = Debug|Any CPU
		{790B015B-1011-4CA8-BD9A-7B253436ADD2}.Debug|Any CPU.Build.0 = Debug|Any CPU
		{790B015B-1011-4CA8-BD9A-7B253436ADD2}.Debug|Mixed Platforms.ActiveCfg = Debug|Any CPU
		{790B015B-1011-4CA8-BD9A-7B253436ADD2}.Debug|Mixed Platforms.Build.0 = Debug|Any CPU
		{790B015B-1011-4CA8-BD9A-7B253436ADD2}.Debug|x86.ActiveCfg = Debug|Any CPU
		{790B015B-1011-4CA8-BD9A-7B253436ADD2}.Release|Any CPU.ActiveCfg = Release|Any CPU
		{790B015B-1011-4CA8-BD9A-7B253436ADD2}.Release|Any CPU.Build.0 = Release|Any CPU
		{790B015B-1011-4CA8-BD9A-7B253436ADD2}.Release|Mixed Platforms.ActiveCfg = Release|Any CPU
		{790B015B-1011-4CA8-BD9A-7B253436ADD2}.Release|Mixed Platforms.Build.0 = Release|Any CPU
		{790B015B-1011-4CA8-BD9A-7B253436ADD2}.Release|x86.ActiveCfg = Release|Any CPU
		{41725B9F-6151-441A-9F8D-DA610DECC79B}.Debug|Any CPU.ActiveCfg = Debug|Any CPU
		{41725B9F-6151-441A-9F8D-DA610DECC79B}.Debug|Any CPU.Build.0 = Debug|Any CPU
		{41725B9F-6151-441A-9F8D-DA610DECC79B}.Debug|Mixed Platforms.ActiveCfg = Debug|Any CPU
		{41725B9F-6151-441A-9F8D-DA610DECC79B}.Debug|x86.ActiveCfg = Debug|Any CPU
		{41725B9F-6151-441A-9F8D-DA610DECC79B}.Release|Any CPU.ActiveCfg = Release|Any CPU
		{41725B9F-6151-441A-9F8D-DA610DECC79B}.Release|Any CPU.Build.0 = Release|Any CPU
		{41725B9F-6151-441A-9F8D-DA610DECC79B}.Release|Mixed Platforms.ActiveCfg = Release|Any CPU
		{41725B9F-6151-441A-9F8D-DA610DECC79B}.Release|Mixed Platforms.Build.0 = Release|Any CPU
		{41725B9F-6151-441A-9F8D-DA610DECC79B}.Release|x86.ActiveCfg = Release|Any CPU
		{4682AE8E-90B7-4838-A4A6-B2FDD98BD7FE}.Debug|Any CPU.ActiveCfg = Debug|Any CPU
		{4682AE8E-90B7-4838-A4A6-B2FDD98BD7FE}.Debug|Any CPU.Build.0 = Debug|Any CPU
		{4682AE8E-90B7-4838-A4A6-B2FDD98BD7FE}.Debug|Mixed Platforms.ActiveCfg = Debug|Any CPU
		{4682AE8E-90B7-4838-A4A6-B2FDD98BD7FE}.Debug|Mixed Platforms.Build.0 = Debug|Any CPU
		{4682AE8E-90B7-4838-A4A6-B2FDD98BD7FE}.Debug|x86.ActiveCfg = Debug|Any CPU
		{4682AE8E-90B7-4838-A4A6-B2FDD98BD7FE}.Release|Any CPU.ActiveCfg = Release|Any CPU
		{4682AE8E-90B7-4838-A4A6-B2FDD98BD7FE}.Release|Any CPU.Build.0 = Release|Any CPU
		{4682AE8E-90B7-4838-A4A6-B2FDD98BD7FE}.Release|Mixed Platforms.ActiveCfg = Release|Any CPU
		{4682AE8E-90B7-4838-A4A6-B2FDD98BD7FE}.Release|Mixed Platforms.Build.0 = Release|Any CPU
		{4682AE8E-90B7-4838-A4A6-B2FDD98BD7FE}.Release|x86.ActiveCfg = Release|Any CPU
		{9A0F7B47-FBD0-48D3-B3C7-49C40D4E4877}.Debug|Any CPU.ActiveCfg = Debug|Any CPU
		{9A0F7B47-FBD0-48D3-B3C7-49C40D4E4877}.Debug|Any CPU.Build.0 = Debug|Any CPU
		{9A0F7B47-FBD0-48D3-B3C7-49C40D4E4877}.Debug|Mixed Platforms.ActiveCfg = Debug|Any CPU
		{9A0F7B47-FBD0-48D3-B3C7-49C40D4E4877}.Debug|Mixed Platforms.Build.0 = Debug|Any CPU
		{9A0F7B47-FBD0-48D3-B3C7-49C40D4E4877}.Debug|x86.ActiveCfg = Debug|Any CPU
		{9A0F7B47-FBD0-48D3-B3C7-49C40D4E4877}.Release|Any CPU.ActiveCfg = Release|Any CPU
		{9A0F7B47-FBD0-48D3-B3C7-49C40D4E4877}.Release|Any CPU.Build.0 = Release|Any CPU
		{9A0F7B47-FBD0-48D3-B3C7-49C40D4E4877}.Release|Mixed Platforms.ActiveCfg = Release|Any CPU
		{9A0F7B47-FBD0-48D3-B3C7-49C40D4E4877}.Release|Mixed Platforms.Build.0 = Release|Any CPU
		{9A0F7B47-FBD0-48D3-B3C7-49C40D4E4877}.Release|x86.ActiveCfg = Release|Any CPU
		{CCF70A2F-E325-412C-B76C-3CAEE528B1C3}.Debug|Any CPU.ActiveCfg = Debug|x86
		{CCF70A2F-E325-412C-B76C-3CAEE528B1C3}.Debug|Mixed Platforms.ActiveCfg = Debug|x86
		{CCF70A2F-E325-412C-B76C-3CAEE528B1C3}.Debug|x86.ActiveCfg = Debug|x86
		{CCF70A2F-E325-412C-B76C-3CAEE528B1C3}.Debug|x86.Build.0 = Debug|x86
		{CCF70A2F-E325-412C-B76C-3CAEE528B1C3}.Release|Any CPU.ActiveCfg = Release|x86
		{CCF70A2F-E325-412C-B76C-3CAEE528B1C3}.Release|Mixed Platforms.ActiveCfg = Release|x86
		{CCF70A2F-E325-412C-B76C-3CAEE528B1C3}.Release|Mixed Platforms.Build.0 = Release|x86
		{CCF70A2F-E325-412C-B76C-3CAEE528B1C3}.Release|x86.ActiveCfg = Release|x86
		{CCF70A2F-E325-412C-B76C-3CAEE528B1C3}.Release|x86.Build.0 = Release|x86
		{5BEF3971-4E2C-42A6-8CB9-18432314B088}.Debug|Any CPU.ActiveCfg = Debug|x86
		{5BEF3971-4E2C-42A6-8CB9-18432314B088}.Debug|Mixed Platforms.ActiveCfg = Debug|x86
		{5BEF3971-4E2C-42A6-8CB9-18432314B088}.Debug|Mixed Platforms.Build.0 = Debug|x86
		{5BEF3971-4E2C-42A6-8CB9-18432314B088}.Debug|x86.ActiveCfg = Debug|x86
		{5BEF3971-4E2C-42A6-8CB9-18432314B088}.Debug|x86.Build.0 = Debug|x86
		{5BEF3971-4E2C-42A6-8CB9-18432314B088}.Release|Any CPU.ActiveCfg = Release|x86
		{5BEF3971-4E2C-42A6-8CB9-18432314B088}.Release|Mixed Platforms.ActiveCfg = Release|x86
		{5BEF3971-4E2C-42A6-8CB9-18432314B088}.Release|Mixed Platforms.Build.0 = Release|x86
		{5BEF3971-4E2C-42A6-8CB9-18432314B088}.Release|x86.ActiveCfg = Release|x86
		{5BEF3971-4E2C-42A6-8CB9-18432314B088}.Release|x86.Build.0 = Release|x86
		{F6130A8C-386D-4C25-BF95-FC8753953050}.Debug|Any CPU.ActiveCfg = Debug|Any CPU
		{F6130A8C-386D-4C25-BF95-FC8753953050}.Debug|Any CPU.Build.0 = Debug|Any CPU
		{F6130A8C-386D-4C25-BF95-FC8753953050}.Debug|Mixed Platforms.ActiveCfg = Debug|Any CPU
		{F6130A8C-386D-4C25-BF95-FC8753953050}.Debug|x86.ActiveCfg = Debug|Any CPU
		{F6130A8C-386D-4C25-BF95-FC8753953050}.Release|Any CPU.ActiveCfg = Release|Any CPU
		{F6130A8C-386D-4C25-BF95-FC8753953050}.Release|Any CPU.Build.0 = Release|Any CPU
		{F6130A8C-386D-4C25-BF95-FC8753953050}.Release|Mixed Platforms.ActiveCfg = Release|Any CPU
		{F6130A8C-386D-4C25-BF95-FC8753953050}.Release|Mixed Platforms.Build.0 = Release|Any CPU
		{F6130A8C-386D-4C25-BF95-FC8753953050}.Release|x86.ActiveCfg = Release|Any CPU
	EndGlobalSection
	GlobalSection(SolutionProperties) = preSolution
		HideSolutionNode = FALSE
	EndGlobalSection
	GlobalSection(NestedProjects) = preSolution
		{F7380D0C-AF5F-435A-8389-1E7344B20D86} = {200291C6-C9EC-4D2C-A4AE-EE8291F4A149}
		{4682AE8E-90B7-4838-A4A6-B2FDD98BD7FE} = {200291C6-C9EC-4D2C-A4AE-EE8291F4A149}
		{9A0F7B47-FBD0-48D3-B3C7-49C40D4E4877} = {200291C6-C9EC-4D2C-A4AE-EE8291F4A149}
		{5BEF3971-4E2C-42A6-8CB9-18432314B088} = {200291C6-C9EC-4D2C-A4AE-EE8291F4A149}
		{00540DF7-C93D-43C2-A270-8EFE04533C02} = {C05B988A-63E3-45D3-8716-0C2E89FBDC66}
		{68ECBF77-814D-4262-9303-BE7132EE8EDB} = {05381006-93D5-4ADE-87A7-C2C3FF942B77}
		{790B015B-1011-4CA8-BD9A-7B253436ADD2} = {05381006-93D5-4ADE-87A7-C2C3FF942B77}
		{41725B9F-6151-441A-9F8D-DA610DECC79B} = {05381006-93D5-4ADE-87A7-C2C3FF942B77}
		{CCF70A2F-E325-412C-B76C-3CAEE528B1C3} = {05381006-93D5-4ADE-87A7-C2C3FF942B77}
		{F6130A8C-386D-4C25-BF95-FC8753953050} = {05381006-93D5-4ADE-87A7-C2C3FF942B77}
		{F3BDA0A1-72A2-4C44-8406-B613FEDDE01C} = {0FBADBF3-49D4-4233-93D8-62AA1918E8F0}
		{B6063B30-9F1C-44A2-847B-F112D851AE17} = {0FBADBF3-49D4-4233-93D8-62AA1918E8F0}
		{36586D23-F624-4D62-84C2-2D6D2A2BC4EB} = {0FBADBF3-49D4-4233-93D8-62AA1918E8F0}
		{A7F10F9E-2DBE-4F0D-86E7-E69B88D017E4} = {0FBADBF3-49D4-4233-93D8-62AA1918E8F0}
	EndGlobalSection
EndGlobal
