
Microsoft Visual Studio Solution File, Format Version 12.00
# Visual Studio 2013
VisualStudioVersion = 12.0.31101.0
MinimumVisualStudioVersion = 10.0.40219.1
Project("{FAE04EC0-301F-11D3-BF4B-00C04F79EFBC}") = "IoC.FW.Sample.MVC4", "IoC.FW.Sample.MVC4\IoC.FW.Sample.MVC4.csproj", "{3282A6B1-A736-40E2-A09D-2035D463CB73}"
EndProject
Project("{2150E333-8FDC-42A3-9474-1A3956D46DE8}") = "Configuration", "Configuration", "{BB428335-AD63-4DA4-BDA5-2B4FD00EB8D1}"
EndProject
Project("{2150E333-8FDC-42A3-9474-1A3956D46DE8}") = "Core", "Core", "{F455602E-CCB7-4F8A-B265-2ABB9FBC60C3}"
EndProject
Project("{2150E333-8FDC-42A3-9474-1A3956D46DE8}") = "UI", "UI", "{3F3681BA-A27F-4151-8E96-2A227438B019}"
EndProject
Project("{FAE04EC0-301F-11D3-BF4B-00C04F79EFBC}") = "IoC.FW.Sample.MVC4.Binding", "IoC.FW.Sample.MVC4.Binding\IoC.FW.Sample.MVC4.Binding.csproj", "{DBA90602-2E29-41A3-9A92-BA5161B8E6E9}"
EndProject
Project("{FAE04EC0-301F-11D3-BF4B-00C04F79EFBC}") = "IoC.FW.Sample.MVC4.Business", "IoC.FW.Sample.MVC4.Business\IoC.FW.Sample.MVC4.Business.csproj", "{89574871-9492-4E1D-91BA-6C18E88B510B}"
EndProject
Project("{FAE04EC0-301F-11D3-BF4B-00C04F79EFBC}") = "IoC.FW.Sample.MVC4.DAO", "IoC.FW.Sample.MVC4.DAO\IoC.FW.Sample.MVC4.DAO.csproj", "{F8907D5C-5FCE-4DD7-A847-7C3540957B22}"
EndProject
Project("{FAE04EC0-301F-11D3-BF4B-00C04F79EFBC}") = "IoC.FW.Sample.MVC4.Abstraction", "IoC.FW.Sample.MVC4.Abstraction\IoC.FW.Sample.MVC4.Abstraction.csproj", "{6795A0BA-2BE6-4AB8-B3F0-6C09D9D859BB}"
EndProject
Project("{FAE04EC0-301F-11D3-BF4B-00C04F79EFBC}") = "IoC.FW.Sample.MVC4.Web", "IoC.FW.Sample.MVC4.Web\IoC.FW.Sample.MVC4.Web.csproj", "{6ECD42A0-C78B-4C71-9F85-2B7ABB1912AB}"
EndProject
Global
	GlobalSection(SolutionConfigurationPlatforms) = preSolution
		Debug|Any CPU = Debug|Any CPU
		Release|Any CPU = Release|Any CPU
	EndGlobalSection
	GlobalSection(ProjectConfigurationPlatforms) = postSolution
		{3282A6B1-A736-40E2-A09D-2035D463CB73}.Debug|Any CPU.ActiveCfg = Debug|Any CPU
		{3282A6B1-A736-40E2-A09D-2035D463CB73}.Debug|Any CPU.Build.0 = Debug|Any CPU
		{3282A6B1-A736-40E2-A09D-2035D463CB73}.Release|Any CPU.ActiveCfg = Release|Any CPU
		{3282A6B1-A736-40E2-A09D-2035D463CB73}.Release|Any CPU.Build.0 = Release|Any CPU
		{DBA90602-2E29-41A3-9A92-BA5161B8E6E9}.Debug|Any CPU.ActiveCfg = Debug|Any CPU
		{DBA90602-2E29-41A3-9A92-BA5161B8E6E9}.Debug|Any CPU.Build.0 = Debug|Any CPU
		{DBA90602-2E29-41A3-9A92-BA5161B8E6E9}.Release|Any CPU.ActiveCfg = Release|Any CPU
		{DBA90602-2E29-41A3-9A92-BA5161B8E6E9}.Release|Any CPU.Build.0 = Release|Any CPU
		{89574871-9492-4E1D-91BA-6C18E88B510B}.Debug|Any CPU.ActiveCfg = Debug|Any CPU
		{89574871-9492-4E1D-91BA-6C18E88B510B}.Debug|Any CPU.Build.0 = Debug|Any CPU
		{89574871-9492-4E1D-91BA-6C18E88B510B}.Release|Any CPU.ActiveCfg = Release|Any CPU
		{89574871-9492-4E1D-91BA-6C18E88B510B}.Release|Any CPU.Build.0 = Release|Any CPU
		{F8907D5C-5FCE-4DD7-A847-7C3540957B22}.Debug|Any CPU.ActiveCfg = Debug|Any CPU
		{F8907D5C-5FCE-4DD7-A847-7C3540957B22}.Debug|Any CPU.Build.0 = Debug|Any CPU
		{F8907D5C-5FCE-4DD7-A847-7C3540957B22}.Release|Any CPU.ActiveCfg = Release|Any CPU
		{F8907D5C-5FCE-4DD7-A847-7C3540957B22}.Release|Any CPU.Build.0 = Release|Any CPU
		{6795A0BA-2BE6-4AB8-B3F0-6C09D9D859BB}.Debug|Any CPU.ActiveCfg = Debug|Any CPU
		{6795A0BA-2BE6-4AB8-B3F0-6C09D9D859BB}.Debug|Any CPU.Build.0 = Debug|Any CPU
		{6795A0BA-2BE6-4AB8-B3F0-6C09D9D859BB}.Release|Any CPU.ActiveCfg = Release|Any CPU
		{6795A0BA-2BE6-4AB8-B3F0-6C09D9D859BB}.Release|Any CPU.Build.0 = Release|Any CPU
		{6ECD42A0-C78B-4C71-9F85-2B7ABB1912AB}.Debug|Any CPU.ActiveCfg = Debug|Any CPU
		{6ECD42A0-C78B-4C71-9F85-2B7ABB1912AB}.Debug|Any CPU.Build.0 = Debug|Any CPU
		{6ECD42A0-C78B-4C71-9F85-2B7ABB1912AB}.Release|Any CPU.ActiveCfg = Release|Any CPU
		{6ECD42A0-C78B-4C71-9F85-2B7ABB1912AB}.Release|Any CPU.Build.0 = Release|Any CPU
	EndGlobalSection
	GlobalSection(SolutionProperties) = preSolution
		HideSolutionNode = FALSE
	EndGlobalSection
	GlobalSection(NestedProjects) = preSolution
		{3282A6B1-A736-40E2-A09D-2035D463CB73} = {F455602E-CCB7-4F8A-B265-2ABB9FBC60C3}
		{DBA90602-2E29-41A3-9A92-BA5161B8E6E9} = {BB428335-AD63-4DA4-BDA5-2B4FD00EB8D1}
		{89574871-9492-4E1D-91BA-6C18E88B510B} = {F455602E-CCB7-4F8A-B265-2ABB9FBC60C3}
		{F8907D5C-5FCE-4DD7-A847-7C3540957B22} = {F455602E-CCB7-4F8A-B265-2ABB9FBC60C3}
		{6795A0BA-2BE6-4AB8-B3F0-6C09D9D859BB} = {F455602E-CCB7-4F8A-B265-2ABB9FBC60C3}
		{6ECD42A0-C78B-4C71-9F85-2B7ABB1912AB} = {3F3681BA-A27F-4151-8E96-2A227438B019}
	EndGlobalSection
EndGlobal
