
Microsoft Visual Studio Solution File, Format Version 12.00
# Visual Studio 14
VisualStudioVersion = 14.0.23107.0
MinimumVisualStudioVersion = 10.0.40219.1
Project("{2150E333-8FDC-42A3-9474-1A3956D46DE8}") = ".paket", ".paket", "{1A75B6D3-0B2E-4179-AA17-861AF2C422FB}"
	ProjectSection(SolutionItems) = preProject
		..\..\..\paket.dependencies = ..\..\..\paket.dependencies
	EndProjectSection
EndProject
Project("{2150E333-8FDC-42A3-9474-1A3956D46DE8}") = "IoCFramework", "IoCFramework", "{E0E16939-198F-4111-A286-615014E9DD7F}"
EndProject
Project("{2150E333-8FDC-42A3-9474-1A3956D46DE8}") = "Tests", "Tests", "{582CB4DF-D050-48DB-BAC8-E3B77F6B22BD}"
EndProject
Project("{FAE04EC0-301F-11D3-BF4B-00C04F79EFBC}") = "IOC.FW.Configuration.Test", "IOC.FW.Configuration.Test\IOC.FW.Configuration.Test.csproj", "{B71B735E-9E8C-4056-BDFA-4088497E3C1D}"
EndProject
Project("{FAE04EC0-301F-11D3-BF4B-00C04F79EFBC}") = "IOC.FW.Repository.Tests", "IOC.FW.Repository.Tests\IOC.FW.Repository.Tests.csproj", "{389DAE55-6CCE-4824-8829-86CE275AAEDF}"
EndProject
Project("{FAE04EC0-301F-11D3-BF4B-00C04F79EFBC}") = "IOC.FW.Repository", "..\..\..\Source\CSharp\IoCFramework\IOC.FW.Repository\IOC.FW.Repository.csproj", "{A2718B96-3F93-4D29-8942-E841F9EB5457}"
EndProject
Project("{FAE04EC0-301F-11D3-BF4B-00C04F79EFBC}") = "IOC.FW.Abstraction", "..\..\..\Source\CSharp\IoCFramework\IOC.FW.Abstraction\IOC.FW.Abstraction.csproj", "{5B3D5261-8415-433C-A27D-B22CA4E991B7}"
EndProject
Project("{2150E333-8FDC-42A3-9474-1A3956D46DE8}") = "Integration.Tests", "Integration.Tests", "{3BD81E41-6BDB-4D08-B57D-5D67D7B3FEE9}"
EndProject
Project("{FAE04EC0-301F-11D3-BF4B-00C04F79EFBC}") = "IOC.FW.Repository.IntegrationTests.Sqlite", "IOC.FW.Repository.IntegrationTests.Sqlite\IOC.FW.Repository.IntegrationTests.Sqlite.csproj", "{8796582A-28BC-4673-86DB-549FCF3F2D6A}"
EndProject
Project("{FAE04EC0-301F-11D3-BF4B-00C04F79EFBC}") = "IOC.FW.Repository.EF6", "..\..\..\source\CSharp\IoCFramework\IOC.FW.Repository.EF6\IOC.FW.Repository.EF6.csproj", "{5CE716F2-E7C2-4149-ABF8-4AD319BF96D8}"
EndProject
Project("{FAE04EC0-301F-11D3-BF4B-00C04F79EFBC}") = "IOC.FW.Expressions", "..\..\..\source\CSharp\IoCFramework\IOC.FW.Expressions\IOC.FW.Expressions.csproj", "{10BA2AA7-0828-4DD2-8C22-A123255E207C}"
EndProject
Project("{FAE04EC0-301F-11D3-BF4B-00C04F79EFBC}") = "IOC.FW.Data", "..\..\..\source\CSharp\IoCFramework\IOC.FW.Data\IOC.FW.Data.csproj", "{4E0A9C6C-3368-4B83-92F5-6FDA2679C434}"
EndProject
Project("{FAE04EC0-301F-11D3-BF4B-00C04F79EFBC}") = "IOC.FW.Shared", "..\..\..\source\CSharp\IoCFramework\IOC.FW.Shared\IOC.FW.Shared.csproj", "{7323E348-0AE0-4F75-A2D8-ADFF0F03C04B}"
EndProject
Global
	GlobalSection(SolutionConfigurationPlatforms) = preSolution
		Debug|Any CPU = Debug|Any CPU
		Release|Any CPU = Release|Any CPU
	EndGlobalSection
	GlobalSection(ProjectConfigurationPlatforms) = postSolution
		{B71B735E-9E8C-4056-BDFA-4088497E3C1D}.Debug|Any CPU.ActiveCfg = Debug|Any CPU
		{B71B735E-9E8C-4056-BDFA-4088497E3C1D}.Debug|Any CPU.Build.0 = Debug|Any CPU
		{B71B735E-9E8C-4056-BDFA-4088497E3C1D}.Release|Any CPU.ActiveCfg = Release|Any CPU
		{B71B735E-9E8C-4056-BDFA-4088497E3C1D}.Release|Any CPU.Build.0 = Release|Any CPU
		{389DAE55-6CCE-4824-8829-86CE275AAEDF}.Debug|Any CPU.ActiveCfg = Debug|Any CPU
		{389DAE55-6CCE-4824-8829-86CE275AAEDF}.Debug|Any CPU.Build.0 = Debug|Any CPU
		{389DAE55-6CCE-4824-8829-86CE275AAEDF}.Release|Any CPU.ActiveCfg = Release|Any CPU
		{389DAE55-6CCE-4824-8829-86CE275AAEDF}.Release|Any CPU.Build.0 = Release|Any CPU
		{A2718B96-3F93-4D29-8942-E841F9EB5457}.Debug|Any CPU.ActiveCfg = Debug|Any CPU
		{A2718B96-3F93-4D29-8942-E841F9EB5457}.Debug|Any CPU.Build.0 = Debug|Any CPU
		{A2718B96-3F93-4D29-8942-E841F9EB5457}.Release|Any CPU.ActiveCfg = Release|Any CPU
		{A2718B96-3F93-4D29-8942-E841F9EB5457}.Release|Any CPU.Build.0 = Release|Any CPU
		{5B3D5261-8415-433C-A27D-B22CA4E991B7}.Debug|Any CPU.ActiveCfg = Debug|Any CPU
		{5B3D5261-8415-433C-A27D-B22CA4E991B7}.Debug|Any CPU.Build.0 = Debug|Any CPU
		{5B3D5261-8415-433C-A27D-B22CA4E991B7}.Release|Any CPU.ActiveCfg = Release|Any CPU
		{5B3D5261-8415-433C-A27D-B22CA4E991B7}.Release|Any CPU.Build.0 = Release|Any CPU
		{8796582A-28BC-4673-86DB-549FCF3F2D6A}.Debug|Any CPU.ActiveCfg = Debug|Any CPU
		{8796582A-28BC-4673-86DB-549FCF3F2D6A}.Debug|Any CPU.Build.0 = Debug|Any CPU
		{8796582A-28BC-4673-86DB-549FCF3F2D6A}.Release|Any CPU.ActiveCfg = Release|Any CPU
		{8796582A-28BC-4673-86DB-549FCF3F2D6A}.Release|Any CPU.Build.0 = Release|Any CPU
		{5CE716F2-E7C2-4149-ABF8-4AD319BF96D8}.Debug|Any CPU.ActiveCfg = Debug|Any CPU
		{5CE716F2-E7C2-4149-ABF8-4AD319BF96D8}.Debug|Any CPU.Build.0 = Debug|Any CPU
		{5CE716F2-E7C2-4149-ABF8-4AD319BF96D8}.Release|Any CPU.ActiveCfg = Release|Any CPU
		{5CE716F2-E7C2-4149-ABF8-4AD319BF96D8}.Release|Any CPU.Build.0 = Release|Any CPU
		{10BA2AA7-0828-4DD2-8C22-A123255E207C}.Debug|Any CPU.ActiveCfg = Debug|Any CPU
		{10BA2AA7-0828-4DD2-8C22-A123255E207C}.Debug|Any CPU.Build.0 = Debug|Any CPU
		{10BA2AA7-0828-4DD2-8C22-A123255E207C}.Release|Any CPU.ActiveCfg = Release|Any CPU
		{10BA2AA7-0828-4DD2-8C22-A123255E207C}.Release|Any CPU.Build.0 = Release|Any CPU
		{4E0A9C6C-3368-4B83-92F5-6FDA2679C434}.Debug|Any CPU.ActiveCfg = Debug|Any CPU
		{4E0A9C6C-3368-4B83-92F5-6FDA2679C434}.Debug|Any CPU.Build.0 = Debug|Any CPU
		{4E0A9C6C-3368-4B83-92F5-6FDA2679C434}.Release|Any CPU.ActiveCfg = Release|Any CPU
		{4E0A9C6C-3368-4B83-92F5-6FDA2679C434}.Release|Any CPU.Build.0 = Release|Any CPU
		{7323E348-0AE0-4F75-A2D8-ADFF0F03C04B}.Debug|Any CPU.ActiveCfg = Debug|Any CPU
		{7323E348-0AE0-4F75-A2D8-ADFF0F03C04B}.Debug|Any CPU.Build.0 = Debug|Any CPU
		{7323E348-0AE0-4F75-A2D8-ADFF0F03C04B}.Release|Any CPU.ActiveCfg = Release|Any CPU
		{7323E348-0AE0-4F75-A2D8-ADFF0F03C04B}.Release|Any CPU.Build.0 = Release|Any CPU
	EndGlobalSection
	GlobalSection(SolutionProperties) = preSolution
		HideSolutionNode = FALSE
	EndGlobalSection
	GlobalSection(NestedProjects) = preSolution
		{B71B735E-9E8C-4056-BDFA-4088497E3C1D} = {582CB4DF-D050-48DB-BAC8-E3B77F6B22BD}
		{389DAE55-6CCE-4824-8829-86CE275AAEDF} = {582CB4DF-D050-48DB-BAC8-E3B77F6B22BD}
		{A2718B96-3F93-4D29-8942-E841F9EB5457} = {E0E16939-198F-4111-A286-615014E9DD7F}
		{5B3D5261-8415-433C-A27D-B22CA4E991B7} = {E0E16939-198F-4111-A286-615014E9DD7F}
		{8796582A-28BC-4673-86DB-549FCF3F2D6A} = {3BD81E41-6BDB-4D08-B57D-5D67D7B3FEE9}
		{5CE716F2-E7C2-4149-ABF8-4AD319BF96D8} = {E0E16939-198F-4111-A286-615014E9DD7F}
		{10BA2AA7-0828-4DD2-8C22-A123255E207C} = {E0E16939-198F-4111-A286-615014E9DD7F}
		{4E0A9C6C-3368-4B83-92F5-6FDA2679C434} = {E0E16939-198F-4111-A286-615014E9DD7F}
		{7323E348-0AE0-4F75-A2D8-ADFF0F03C04B} = {E0E16939-198F-4111-A286-615014E9DD7F}
	EndGlobalSection
EndGlobal
